
Microsoft Visual Studio Solution File, Format Version 12.00
# Visual Studio Version 17
VisualStudioVersion = 17.9.34723.18
MinimumVisualStudioVersion = 10.0.40219.1
Project("{FAE04EC0-301F-11D3-BF4B-00C04F79EFBC}") = "WebApplication5", "WebApplication5\WebApplication5.csproj", "{31754F74-2812-47EF-AD78-5D5AA9BFA373}"
EndProject
Global
	GlobalSection(SolutionConfigurationPlatforms) = preSolution
		Debug|Any CPU = Debug|Any CPU
		Release|Any CPU = Release|Any CPU
	EndGlobalSection
	GlobalSection(ProjectConfigurationPlatforms) = postSolution
		{31754F74-2812-47EF-AD78-5D5AA9BFA373}.Debug|Any CPU.ActiveCfg = Debug|Any CPU
		{31754F74-2812-47EF-AD78-5D5AA9BFA373}.Debug|Any CPU.Build.0 = Debug|Any CPU
		{31754F74-2812-47EF-AD78-5D5AA9BFA373}.Release|Any CPU.ActiveCfg = Release|Any CPU
		{31754F74-2812-47EF-AD78-5D5AA9BFA373}.Release|Any CPU.Build.0 = Release|Any CPU
	EndGlobalSection
	GlobalSection(SolutionProperties) = preSolution
		HideSolutionNode = FALSE
	EndGlobalSection
	GlobalSection(ExtensibilityGlobals) = postSolution
		SolutionGuid = {12F0FF82-BF73-4329-9C2F-269CF2CC0B53}
	EndGlobalSection
EndGlobal
